<?xml version="1.0" encoding="utf-8"?>
<Project ToolsVersion="4.0" xmlns="http://schemas.microsoft.com/developer/msbuild/2003">
  <ItemGroup>
    <Filter Include="Source Files">
      <UniqueIdentifier>{4FC737F1-C7A5-4376-A066-2A32D752A2FF}</UniqueIdentifier>
      <Extensions>cpp;c;cc;cxx;c++;def;odl;idl;hpj;bat;asm;asmx</Extensions>
    </Filter>
    <Filter Include="Header Files">
      <UniqueIdentifier>{93995380-89BD-4b04-88EB-625FBE52EBFB}</UniqueIdentifier>
      <Extensions>h;hh;hpp;hxx;h++;hm;inl;inc;ipp;xsd</Extensions>
    </Filter>
    <Filter Include="Resource Files">
      <UniqueIdentifier>{67DA6AB6-F800-4c08-8B7A-83BB121AAD01}</UniqueIdentifier>
      <Extensions>rc;ico;cur;bmp;dlg;rc2;rct;bin;rgs;gif;jpg;jpeg;jpe;resx;tiff;tif;png;wav;mfcribbon-ms</Extensions>
    </Filter>
    <Filter Include="Header Files\Execution">
      <UniqueIdentifier>{6358459d-f663-476d-9e8d-c128ee2c560f}</UniqueIdentifier>
    </Filter>
    <Filter Include="Header Files\Validation">
      <UniqueIdentifier>{53542dc8-3cba-4432-84c7-48a4e954bf8a}</UniqueIdentifier>
    </Filter>
    <Filter Include="Header Files\Generics">
      <UniqueIdentifier>{77530882-5f33-464c-a4d3-ace2bbceeffb}</UniqueIdentifier>
    </Filter>
  </ItemGroup>
  <ItemGroup>
    <ClInclude Include="CompilationContext.hpp">
      <Filter>Header Files</Filter>
    </ClInclude>
    <ClInclude Include="PackageDatabase.hpp">
      <Filter>Header Files</Filter>
    </ClInclude>
    <ClInclude Include="Type.hpp">
      <Filter>Header Files</Filter>
    </ClInclude>
    <ClInclude Include="Namespace.hpp">
      <Filter>Header Files</Filter>
    </ClInclude>
    <ClInclude Include="Function.hpp">
      <Filter>Header Files</Filter>
    </ClInclude>
    <ClInclude Include="QualifiedName.hpp">
      <Filter>Header Files</Filter>
    </ClInclude>
    <ClInclude Include="Accessibility.hpp">
      <Filter>Header Files</Filter>
    </ClInclude>
    <ClInclude Include="Variable.hpp">
      <Filter>Header Files</Filter>
    </ClInclude>
    <ClInclude Include="AttributeInstance.hpp">
      <Filter>Header Files</Filter>
    </ClInclude>
    <ClInclude Include="Attribute.hpp">
      <Filter>Header Files</Filter>
    </ClInclude>
    <ClInclude Include="INamedObject.hpp">
      <Filter>Header Files</Filter>
    </ClInclude>
    <ClInclude Include="ObjectWithAccessibility.hpp">
      <Filter>Header Files</Filter>
    </ClInclude>
    <ClInclude Include="AttributeTarget.hpp">
      <Filter>Header Files</Filter>
    </ClInclude>
    <ClInclude Include="Field.hpp">
      <Filter>Header Files</Filter>
    </ClInclude>
    <ClInclude Include="Target.hpp">
      <Filter>Header Files</Filter>
    </ClInclude>
    <ClInclude Include="execution\IntegerValue.hpp">
      <Filter>Header Files\Execution</Filter>
    </ClInclude>
    <ClInclude Include="execution\IRuntimeValue.h">
      <Filter>Header Files\Execution</Filter>
    </ClInclude>
    <ClInclude Include="execution\RuntimeTypeDescriptor.hpp">
      <Filter>Header Files\Execution</Filter>
    </ClInclude>
    <ClInclude Include="TypeClassifier.hpp">
      <Filter>Header Files</Filter>
    </ClInclude>
    <ClInclude Include="Validation\ValidationError.hpp">
      <Filter>Header Files\Validation</Filter>
    </ClInclude>
    <ClInclude Include="Validation\ValidationUtility.hpp">
      <Filter>Header Files\Validation</Filter>
    </ClInclude>
    <ClInclude Include="execution\StringValue.hpp">
      <Filter>Header Files\Execution</Filter>
    </ClInclude>
    <ClInclude Include="execution\RuntimeFunctionDescriptor.hpp">
      <Filter>Header Files\Execution</Filter>
    </ClInclude>
    <ClInclude Include="execution\ObjectValue.hpp">
      <Filter>Header Files\Execution</Filter>
    </ClInclude>
    <ClInclude Include="execution\RuntimeFieldDescriptor.hpp">
      <Filter>Header Files\Execution</Filter>
    </ClInclude>
    <ClInclude Include="execution\BooleanValue.hpp">
      <Filter>Header Files\Execution</Filter>
    </ClInclude>
    <ClInclude Include="execution\ReferenceValue.hpp">
      <Filter>Header Files\Execution</Filter>
    </ClInclude>
    <ClInclude Include="ObjectWithMetadata.hpp">
      <Filter>Header Files</Filter>
    </ClInclude>
    <ClInclude Include="MetadataObject.hpp">
      <Filter>Header Files</Filter>
    </ClInclude>
    <ClInclude Include="Generic\GenericObject.hpp">
      <Filter>Header Files\Generics</Filter>
    </ClInclude>
    <ClInclude Include="Generic\GenericParameter.hpp">
      <Filter>Header Files\Generics</Filter>
    </ClInclude>
    <ClInclude Include="Generic\GenericVariable.hpp">
      <Filter>Header Files\Generics</Filter>
    </ClInclude>
    <ClInclude Include="Generic\TypePointer.hpp">
      <Filter>Header Files\Generics</Filter>
    </ClInclude>
    <ClInclude Include="execution\IComplexRuntimeValue.hpp">
      <Filter>Header Files\Execution</Filter>
    </ClInclude>
    <ClInclude Include="Enum.hpp">
      <Filter>Header Files</Filter>
    </ClInclude>
    <ClInclude Include="SourcePointer.hpp">
      <Filter>Header Files</Filter>
    </ClInclude>
    <ClInclude Include="execution\ArrayValue.hpp">
      <Filter>Header Files\Execution</Filter>
    </ClInclude>
    <ClInclude Include="Generic.hpp">
      <Filter>Header Files</Filter>
    </ClInclude>
    <ClInclude Include="execution\InstructionCode.hpp">
      <Filter>Header Files\Execution</Filter>
    </ClInclude>
    <ClInclude Include="execution\RuntimeVariableDescriptor.hpp">
      <Filter>Header Files\Execution</Filter>
    </ClInclude>
    <ClInclude Include="ISerializationManager.hpp">
      <Filter>Header Files</Filter>
    </ClInclude>
    <ClInclude Include="IValueHolder.hpp">
      <Filter>Header Files</Filter>
    </ClInclude>
    <ClInclude Include="NameResolutionContext.hpp">
      <Filter>Header Files</Filter>
    </ClInclude>
  </ItemGroup>
  <ItemGroup>
    <None Include="packages.config" />
  </ItemGroup>
  <ItemGroup>
    <ClCompile Include="Function.cpp">
      <Filter>Source Files</Filter>
    </ClCompile>
    <ClCompile Include="QualifiedName.cpp">
      <Filter>Source Files</Filter>
    </ClCompile>
    <ClCompile Include="Namespace.cpp">
      <Filter>Source Files</Filter>
    </ClCompile>
    <ClCompile Include="Accessibility.cpp">
      <Filter>Source Files</Filter>
    </ClCompile>
    <ClCompile Include="INamedObject.cpp">
      <Filter>Source Files</Filter>
    </ClCompile>
    <ClCompile Include="AttributeTarget.cpp">
      <Filter>Source Files</Filter>
    </ClCompile>
    <ClCompile Include="execution\IntegerValue.cpp">
      <Filter>Source Files</Filter>
    </ClCompile>
    <ClCompile Include="execution\RuntimeTypeDescriptor.cpp">
      <Filter>Source Files</Filter>
    </ClCompile>
    <ClCompile Include="Validation\ValidationUtility.cpp">
      <Filter>Source Files</Filter>
    </ClCompile>
    <ClCompile Include="Type.cpp">
      <Filter>Source Files</Filter>
    </ClCompile>
    <ClCompile Include="Validation\ValidationError.cpp">
      <Filter>Source Files</Filter>
    </ClCompile>
    <ClCompile Include="TypeClassifier.cpp">
      <Filter>Source Files</Filter>
    </ClCompile>
    <ClCompile Include="execution\StringValue.cpp">
      <Filter>Source Files</Filter>
    </ClCompile>
    <ClCompile Include="execution\RuntimeFunctionDescriptor.cpp">
      <Filter>Source Files</Filter>
    </ClCompile>
    <ClCompile Include="Target.cpp">
      <Filter>Source Files</Filter>
    </ClCompile>
    <ClCompile Include="execution\ObjectValue.cpp">
      <Filter>Source Files</Filter>
    </ClCompile>
    <ClCompile Include="execution\RuntimeFieldDescriptor.cpp">
      <Filter>Source Files</Filter>
    </ClCompile>
    <ClCompile Include="execution\ReferenceValue.cpp">
      <Filter>Source Files</Filter>
    </ClCompile>
    <ClCompile Include="Attribute.cpp">
      <Filter>Source Files</Filter>
    </ClCompile>
    <ClCompile Include="Variable.cpp">
      <Filter>Source Files</Filter>
    </ClCompile>
    <ClCompile Include="Generic\GenericObject.cpp">
      <Filter>Source Files</Filter>
    </ClCompile>
    <ClCompile Include="execution\ArrayValue.cpp">
      <Filter>Source Files</Filter>
    </ClCompile>
    <ClCompile Include="execution\RuntimeVariableDescriptor.cpp">
      <Filter>Source Files</Filter>
    </ClCompile>
    <ClCompile Include="execution\IRuntimeValue.cpp">
      <Filter>Source Files</Filter>
    </ClCompile>
    <ClCompile Include="NameResolutionContext.cpp">
      <Filter>Source Files</Filter>
    </ClCompile>
    <ClCompile Include="execution\BooleanValue.cpp">
      <Filter>Source Files</Filter>
    </ClCompile>
  </ItemGroup>
</Project>