<?xml version="1.0" encoding="utf-8"?>
<Project ToolsVersion="4.0" xmlns="http://schemas.microsoft.com/developer/msbuild/2003">
  <ItemGroup>
    <Filter Include="Source Files">
      <UniqueIdentifier>{4FC737F1-C7A5-4376-A066-2A32D752A2FF}</UniqueIdentifier>
      <Extensions>cpp;c;cc;cxx;c++;def;odl;idl;hpj;bat;asm;asmx</Extensions>
    </Filter>
    <Filter Include="Header Files">
      <UniqueIdentifier>{93995380-89BD-4b04-88EB-625FBE52EBFB}</UniqueIdentifier>
      <Extensions>h;hh;hpp;hxx;h++;hm;inl;inc;ipp;xsd</Extensions>
    </Filter>
    <Filter Include="Resource Files">
      <UniqueIdentifier>{67DA6AB6-F800-4c08-8B7A-83BB121AAD01}</UniqueIdentifier>
      <Extensions>rc;ico;cur;bmp;dlg;rc2;rct;bin;rgs;gif;jpg;jpeg;jpe;resx;tiff;tif;png;wav;mfcribbon-ms</Extensions>
    </Filter>
    <Filter Include="Header Files\Generic">
      <UniqueIdentifier>{56a4cc8c-3a34-4aee-9fa1-cfa28987505e}</UniqueIdentifier>
    </Filter>
    <Filter Include="Header Files\Serialization">
      <UniqueIdentifier>{1eecac6e-ccbd-4518-9f9b-38a3ffa50824}</UniqueIdentifier>
    </Filter>
    <Filter Include="Header Files\LLVMIntegration">
      <UniqueIdentifier>{e9fe5ec7-ff48-4bb6-bd92-1a86a6df996e}</UniqueIdentifier>
    </Filter>
  </ItemGroup>
  <ItemGroup>
    <None Include="packages.config" />
  </ItemGroup>
  <ItemGroup>
    <ClInclude Include="Preprocessor.hpp">
      <Filter>Header Files</Filter>
    </ClInclude>
    <ClInclude Include="CompilationUnitDatabaseBuilder.hpp">
      <Filter>Header Files</Filter>
    </ClInclude>
    <ClInclude Include="IntermidiateRepresentationEmmiter.hpp">
      <Filter>Header Files</Filter>
    </ClInclude>
    <ClInclude Include="FunctionBodyBuilder.hpp">
      <Filter>Header Files</Filter>
    </ClInclude>
    <ClInclude Include="ExpressionBuilder.hpp">
      <Filter>Header Files</Filter>
    </ClInclude>
    <ClInclude Include="FunctionExecutionUtility.hpp">
      <Filter>Header Files</Filter>
    </ClInclude>
    <ClInclude Include="PackageDiscoveryUtility.hpp">
      <Filter>Header Files</Filter>
    </ClInclude>
    <ClInclude Include="PackageBuildUtility.hpp">
      <Filter>Header Files</Filter>
    </ClInclude>
    <ClInclude Include="FunctionUtility.hpp">
      <Filter>Header Files</Filter>
    </ClInclude>
    <ClInclude Include="AttributeUtility.hpp">
      <Filter>Header Files</Filter>
    </ClInclude>
    <ClInclude Include="TypeUtility.hpp">
      <Filter>Header Files</Filter>
    </ClInclude>
    <ClInclude Include="ExpressionEvaluator.hpp">
      <Filter>Header Files</Filter>
    </ClInclude>
    <ClInclude Include="StatementEvaluator.hpp">
      <Filter>Header Files</Filter>
    </ClInclude>
    <ClInclude Include="Generic\GenericInstantiationUtility.hpp">
      <Filter>Header Files\Generic</Filter>
    </ClInclude>
    <ClInclude Include="compilerInterfaceUtility.hpp">
      <Filter>Header Files</Filter>
    </ClInclude>
    <ClInclude Include="Serialization\SerializationManager.hpp">
      <Filter>Header Files\Serialization</Filter>
    </ClInclude>
    <ClInclude Include="Serialization\NameGetter.hpp">
      <Filter>Header Files\Serialization</Filter>
    </ClInclude>
    <ClInclude Include="LLVMIntegration\LLVMIRUtility.hpp">
      <Filter>Header Files\LLVMIntegration</Filter>
    </ClInclude>
  </ItemGroup>
  <ItemGroup>
    <ClCompile Include="CompilationUnitDatabaseBuilder.cpp">
      <Filter>Source Files</Filter>
    </ClCompile>
    <ClCompile Include="IntermidiateRepresentationEmmiter.cpp">
      <Filter>Source Files</Filter>
    </ClCompile>
    <ClCompile Include="FunctionBodyBuilder.cpp">
      <Filter>Source Files</Filter>
    </ClCompile>
    <ClCompile Include="ExpressionBuilder.cpp">
      <Filter>Source Files</Filter>
    </ClCompile>
    <ClCompile Include="FunctionExecutionUtility.cpp">
      <Filter>Source Files</Filter>
    </ClCompile>
    <ClCompile Include="FunctionUtility.cpp">
      <Filter>Source Files</Filter>
    </ClCompile>
    <ClCompile Include="AttributeUtility.cpp">
      <Filter>Source Files</Filter>
    </ClCompile>
    <ClCompile Include="TypeUtility.cpp">
      <Filter>Source Files</Filter>
    </ClCompile>
    <ClCompile Include="Preprocessor.cpp">
      <Filter>Source Files</Filter>
    </ClCompile>
    <ClCompile Include="ExpressionEvaluator.cpp">
      <Filter>Source Files</Filter>
    </ClCompile>
    <ClCompile Include="StatementEvaluator.cpp">
      <Filter>Source Files</Filter>
    </ClCompile>
    <ClCompile Include="Generic\GenericInstantiationUtility.cpp">
      <Filter>Source Files</Filter>
    </ClCompile>
    <ClCompile Include="Serialization\NameGetter.cpp">
      <Filter>Source Files</Filter>
    </ClCompile>
    <ClCompile Include="PackageDiscoveryUtility.cpp">
      <Filter>Source Files</Filter>
    </ClCompile>
    <ClCompile Include="compilerInterfaceUtility.cpp">
      <Filter>Source Files</Filter>
    </ClCompile>
    <ClCompile Include="PackageBuildUtility.cpp">
      <Filter>Source Files</Filter>
    </ClCompile>
    <ClCompile Include="LLVMIntegration\LLVMIRUtility.cpp">
      <Filter>Source Files</Filter>
    </ClCompile>
  </ItemGroup>
</Project>