<?xml version="1.0" encoding="utf-8"?>
<Project ToolsVersion="4.0" xmlns="http://schemas.microsoft.com/developer/msbuild/2003">
  <ItemGroup>
    <Filter Include="Source Files">
      <UniqueIdentifier>{4FC737F1-C7A5-4376-A066-2A32D752A2FF}</UniqueIdentifier>
      <Extensions>cpp;c;cc;cxx;c++;def;odl;idl;hpj;bat;asm;asmx</Extensions>
    </Filter>
    <Filter Include="Header Files">
      <UniqueIdentifier>{93995380-89BD-4b04-88EB-625FBE52EBFB}</UniqueIdentifier>
      <Extensions>h;hh;hpp;hxx;h++;hm;inl;inc;ipp;xsd</Extensions>
    </Filter>
    <Filter Include="Resource Files">
      <UniqueIdentifier>{67DA6AB6-F800-4c08-8B7A-83BB121AAD01}</UniqueIdentifier>
      <Extensions>rc;ico;cur;bmp;dlg;rc2;rct;bin;rgs;gif;jpg;jpeg;jpe;resx;tiff;tif;png;wav;mfcribbon-ms</Extensions>
    </Filter>
    <Filter Include="Header Files\CompileTimeFunctions">
      <UniqueIdentifier>{381fd181-79ba-4a5e-9a09-451fb63ec4cf}</UniqueIdentifier>
    </Filter>
    <Filter Include="Header Files\SpecialTypes">
      <UniqueIdentifier>{dada72ac-9fc7-457f-ac26-d460d25ec8c2}</UniqueIdentifier>
    </Filter>
    <Filter Include="Header Files\CompileTimeInfrastrucutre">
      <UniqueIdentifier>{a8469a1d-c623-4521-8f36-a7b32d65c182}</UniqueIdentifier>
    </Filter>
  </ItemGroup>
  <ItemGroup>
    <ClInclude Include="NameResolver.hpp">
      <Filter>Header Files</Filter>
    </ClInclude>
    <ClInclude Include="NamespaceBuilder.hpp">
      <Filter>Header Files</Filter>
    </ClInclude>
    <ClInclude Include="AttributeUtility.hpp">
      <Filter>Header Files</Filter>
    </ClInclude>
    <ClInclude Include="BuiltInPackageBuildUtility.hpp">
      <Filter>Header Files</Filter>
    </ClInclude>
    <ClInclude Include="IntermidiateRepresentationBuilder.hpp">
      <Filter>Header Files</Filter>
    </ClInclude>
    <ClInclude Include="LiteralUtility.hpp">
      <Filter>Header Files</Filter>
    </ClInclude>
    <ClInclude Include="CompileTimeFunctions\FunctionLibrary.hpp">
      <Filter>Header Files\CompileTimeFunctions</Filter>
    </ClInclude>
    <ClInclude Include="CompileTimeFunctions\CompileTimeFunction.hpp">
      <Filter>Header Files\CompileTimeFunctions</Filter>
    </ClInclude>
    <ClInclude Include="CompileTimeFunctions\Print.hpp">
      <Filter>Header Files\CompileTimeFunctions</Filter>
    </ClInclude>
    <ClInclude Include="OverloadResolutionUtility.hpp">
      <Filter>Header Files</Filter>
    </ClInclude>
    <ClInclude Include="SpecialFunctionUtility.hpp">
      <Filter>Header Files</Filter>
    </ClInclude>
    <ClInclude Include="CompileTimeFunctions\CompileTimeFunctionDictionary.hpp">
      <Filter>Header Files\CompileTimeFunctions</Filter>
    </ClInclude>
    <ClInclude Include="CompileTimeFunctions\ReplaceWithCompilerFunction.hpp">
      <Filter>Header Files\CompileTimeFunctions</Filter>
    </ClInclude>
    <ClInclude Include="SpecialTypes\SpecialTypeLibrary.hpp">
      <Filter>Header Files\SpecialTypes</Filter>
    </ClInclude>
    <ClInclude Include="CompileTimeFunctions\ReplaceWithCompilerType.hpp">
      <Filter>Header Files\CompileTimeFunctions</Filter>
    </ClInclude>
    <ClInclude Include="MetatypeUility.hpp">
      <Filter>Header Files</Filter>
    </ClInclude>
    <ClInclude Include="CompileTimeFunctions\CompileTimeAllocate.hpp">
      <Filter>Header Files\CompileTimeFunctions</Filter>
    </ClInclude>
    <ClInclude Include="CompileTimeInfrastrucutre\CompileTimeHeap.hpp">
      <Filter>Header Files\CompileTimeInfrastrucutre</Filter>
    </ClInclude>
    <ClInclude Include="TypeInstantiationUtility.hpp">
      <Filter>Header Files</Filter>
    </ClInclude>
    <ClInclude Include="CompileTimeFunctions\MarkCompileTimeOnly.hpp">
      <Filter>Header Files\CompileTimeFunctions</Filter>
    </ClInclude>
  </ItemGroup>
  <ItemGroup>
    <ClCompile Include="NamespaceBuilder.cpp">
      <Filter>Source Files</Filter>
    </ClCompile>
    <ClCompile Include="AttributeUtility.cpp">
      <Filter>Source Files</Filter>
    </ClCompile>
    <ClCompile Include="BuiltInPackageBuildUtility.cpp">
      <Filter>Source Files</Filter>
    </ClCompile>
    <ClCompile Include="LiteralUtility.cpp">
      <Filter>Source Files</Filter>
    </ClCompile>
    <ClCompile Include="CompileTimeFunctions\FunctionLibrary.cpp">
      <Filter>Source Files</Filter>
    </ClCompile>
    <ClCompile Include="CompileTimeFunctions\Print.cpp">
      <Filter>Source Files</Filter>
    </ClCompile>
    <ClCompile Include="SpecialFunctionUtility.cpp">
      <Filter>Source Files</Filter>
    </ClCompile>
    <ClCompile Include="CompileTimeFunctions\CompileTimeFunctionDictionary.cpp">
      <Filter>Source Files</Filter>
    </ClCompile>
    <ClCompile Include="CompileTimeFunctions\ReplaceWithCompilerFunction.cpp">
      <Filter>Source Files</Filter>
    </ClCompile>
    <ClCompile Include="CompileTimeFunctions\ReplaceWithCompilerType.cpp">
      <Filter>Source Files</Filter>
    </ClCompile>
    <ClCompile Include="MetatypeUility.cpp">
      <Filter>Source Files</Filter>
    </ClCompile>
    <ClCompile Include="OverloadResolutionUtility.cpp">
      <Filter>Source Files</Filter>
    </ClCompile>
    <ClCompile Include="SpecialTypes\SpecialTypeLibrary.cpp">
      <Filter>Source Files</Filter>
    </ClCompile>
    <ClCompile Include="CompileTimeInfrastrucutre\CompileTimeHeap.cpp">
      <Filter>Source Files</Filter>
    </ClCompile>
    <ClCompile Include="CompileTimeFunctions\CompileTimeAllocate.cpp">
      <Filter>Source Files</Filter>
    </ClCompile>
    <ClCompile Include="CompileTimeFunctions\MarkCompileTimeOnly.cpp">
      <Filter>Source Files</Filter>
    </ClCompile>
    <ClCompile Include="NameResolver.cpp">
      <Filter>Source Files</Filter>
    </ClCompile>
  </ItemGroup>
  <ItemGroup>
    <None Include="packages.config" />
  </ItemGroup>
</Project>