
Microsoft Visual Studio Solution File, Format Version 12.00
# Visual Studio Version 17
VisualStudioVersion = 17.0.31612.314
MinimumVisualStudioVersion = 10.0.40219.1
Project("{8BC9CEB8-8B4A-11D0-8D11-00A0C91BC942}") = "CM1Compiler_CPP", "CM1Compiler_CPP\CM1Compiler_CPP.vcxproj", "{26891096-21FD-46DD-B7A2-5D882C71696A}"
EndProject
Project("{8BC9CEB8-8B4A-11D0-8D11-00A0C91BC942}") = "DataStructures", "DataStructures\DataStructures.vcxproj", "{024DB03C-6B42-4915-A616-13F402D932AC}"
EndProject
Project("{8BC9CEB8-8B4A-11D0-8D11-00A0C91BC942}") = "Parser", "Parser\Parser.vcxproj", "{94DF607A-AC46-41F1-A284-1113AD742F01}"
EndProject
Project("{8BC9CEB8-8B4A-11D0-8D11-00A0C91BC942}") = "antlr4cpp-vs2017", "antlr_runtime\antlr4cpp-vs2017.vcxproj", "{83BE66CD-9C4F-4F84-B72A-DD1855C8FC8A}"
EndProject
Project("{8BC9CEB8-8B4A-11D0-8D11-00A0C91BC942}") = "ParserAdapter", "ParserAdapter\ParserAdapter.vcxproj", "{2E56BE24-256E-4AB8-A485-9F7D7E4A9AD8}"
EndProject
Project("{8BC9CEB8-8B4A-11D0-8D11-00A0C91BC942}") = "Compiler", "Compiler\Compiler.vcxproj", "{1E6D57E0-DA00-4FEE-B18F-9CD8EE91BC56}"
EndProject
Project("{8BC9CEB8-8B4A-11D0-8D11-00A0C91BC942}") = "LanguageLogic", "LanguageLogic\LanguageLogic.vcxproj", "{7C7CE242-0E30-44AD-8C49-5D27CAB900B8}"
EndProject
Project("{8BC9CEB8-8B4A-11D0-8D11-00A0C91BC942}") = "Utilities", "Utilities\Utilities.vcxproj", "{49D845CF-7D88-48D2-A179-88530FC67CD9}"
EndProject
Project("{8BC9CEB8-8B4A-11D0-8D11-00A0C91BC942}") = "Compiler.Tests", "Compiler.Tests\Compiler.Tests.vcxproj", "{AE77D0A8-0E37-4B57-A9A4-7F25B2B0E177}"
EndProject
Project("{8BC9CEB8-8B4A-11D0-8D11-00A0C91BC942}") = "FileSystem", "FileSystem\FileSystem.vcxproj", "{A1A73D57-9273-4A27-975D-7866CD6302E6}"
EndProject
Project("{8BC9CEB8-8B4A-11D0-8D11-00A0C91BC942}") = "LanguageLogic.Tests", "LanguageLogic.Tests\LanguageLogic.Tests.vcxproj", "{EFC4A2D1-5087-4AC4-A742-BE566B997345}"
EndProject
Project("{8BC9CEB8-8B4A-11D0-8D11-00A0C91BC942}") = "Execution", "Execution\Execution.vcxproj", "{750641F4-6B05-4989-9457-301057F08A3A}"
EndProject
Project("{8BC9CEB8-8B4A-11D0-8D11-00A0C91BC942}") = "Execution.Tests", "Execution.Tests\Execution.Tests.vcxproj", "{63AD1CF5-F1DF-49DE-BC49-6D1037925C1A}"
EndProject
Project("{8BC9CEB8-8B4A-11D0-8D11-00A0C91BC942}") = "SemanticModel", "SemanticModel\SemanticModel.vcxproj", "{A2CADD5A-BC99-4D58-9ACB-CBDAEE10AEFE}"
EndProject
Project("{8BC9CEB8-8B4A-11D0-8D11-00A0C91BC942}") = "SemanticModel.Tests", "SemanticModel.Tests\SemanticModel.Tests.vcxproj", "{4D8B2D2B-5BA8-41D4-8398-8C929EED6BAC}"
EndProject
Global
	GlobalSection(SolutionConfigurationPlatforms) = preSolution
		Debug Static|x64 = Debug Static|x64
		Debug Static|x86 = Debug Static|x86
		Debug|x64 = Debug|x64
		Debug|x86 = Debug|x86
		Release Static|x64 = Release Static|x64
		Release Static|x86 = Release Static|x86
		Release|x64 = Release|x64
		Release|x86 = Release|x86
	EndGlobalSection
	GlobalSection(ProjectConfigurationPlatforms) = postSolution
		{26891096-21FD-46DD-B7A2-5D882C71696A}.Debug Static|x64.ActiveCfg = Debug|x64
		{26891096-21FD-46DD-B7A2-5D882C71696A}.Debug Static|x64.Build.0 = Debug|x64
		{26891096-21FD-46DD-B7A2-5D882C71696A}.Debug Static|x86.ActiveCfg = Debug|Win32
		{26891096-21FD-46DD-B7A2-5D882C71696A}.Debug Static|x86.Build.0 = Debug|Win32
		{26891096-21FD-46DD-B7A2-5D882C71696A}.Debug|x64.ActiveCfg = Debug|x64
		{26891096-21FD-46DD-B7A2-5D882C71696A}.Debug|x64.Build.0 = Debug|x64
		{26891096-21FD-46DD-B7A2-5D882C71696A}.Debug|x86.ActiveCfg = Debug|Win32
		{26891096-21FD-46DD-B7A2-5D882C71696A}.Debug|x86.Build.0 = Debug|Win32
		{26891096-21FD-46DD-B7A2-5D882C71696A}.Release Static|x64.ActiveCfg = Release|x64
		{26891096-21FD-46DD-B7A2-5D882C71696A}.Release Static|x64.Build.0 = Release|x64
		{26891096-21FD-46DD-B7A2-5D882C71696A}.Release Static|x86.ActiveCfg = Release|Win32
		{26891096-21FD-46DD-B7A2-5D882C71696A}.Release Static|x86.Build.0 = Release|Win32
		{26891096-21FD-46DD-B7A2-5D882C71696A}.Release|x64.ActiveCfg = Release|x64
		{26891096-21FD-46DD-B7A2-5D882C71696A}.Release|x64.Build.0 = Release|x64
		{26891096-21FD-46DD-B7A2-5D882C71696A}.Release|x86.ActiveCfg = Release|Win32
		{26891096-21FD-46DD-B7A2-5D882C71696A}.Release|x86.Build.0 = Release|Win32
		{024DB03C-6B42-4915-A616-13F402D932AC}.Debug Static|x64.ActiveCfg = Debug|x64
		{024DB03C-6B42-4915-A616-13F402D932AC}.Debug Static|x64.Build.0 = Debug|x64
		{024DB03C-6B42-4915-A616-13F402D932AC}.Debug Static|x86.ActiveCfg = Debug|Win32
		{024DB03C-6B42-4915-A616-13F402D932AC}.Debug Static|x86.Build.0 = Debug|Win32
		{024DB03C-6B42-4915-A616-13F402D932AC}.Debug|x64.ActiveCfg = Debug|x64
		{024DB03C-6B42-4915-A616-13F402D932AC}.Debug|x64.Build.0 = Debug|x64
		{024DB03C-6B42-4915-A616-13F402D932AC}.Debug|x86.ActiveCfg = Debug|Win32
		{024DB03C-6B42-4915-A616-13F402D932AC}.Debug|x86.Build.0 = Debug|Win32
		{024DB03C-6B42-4915-A616-13F402D932AC}.Release Static|x64.ActiveCfg = Release|x64
		{024DB03C-6B42-4915-A616-13F402D932AC}.Release Static|x64.Build.0 = Release|x64
		{024DB03C-6B42-4915-A616-13F402D932AC}.Release Static|x86.ActiveCfg = Release|Win32
		{024DB03C-6B42-4915-A616-13F402D932AC}.Release Static|x86.Build.0 = Release|Win32
		{024DB03C-6B42-4915-A616-13F402D932AC}.Release|x64.ActiveCfg = Release|x64
		{024DB03C-6B42-4915-A616-13F402D932AC}.Release|x64.Build.0 = Release|x64
		{024DB03C-6B42-4915-A616-13F402D932AC}.Release|x86.ActiveCfg = Release|Win32
		{024DB03C-6B42-4915-A616-13F402D932AC}.Release|x86.Build.0 = Release|Win32
		{94DF607A-AC46-41F1-A284-1113AD742F01}.Debug Static|x64.ActiveCfg = Debug|x64
		{94DF607A-AC46-41F1-A284-1113AD742F01}.Debug Static|x64.Build.0 = Debug|x64
		{94DF607A-AC46-41F1-A284-1113AD742F01}.Debug Static|x86.ActiveCfg = Debug|Win32
		{94DF607A-AC46-41F1-A284-1113AD742F01}.Debug Static|x86.Build.0 = Debug|Win32
		{94DF607A-AC46-41F1-A284-1113AD742F01}.Debug|x64.ActiveCfg = Debug|x64
		{94DF607A-AC46-41F1-A284-1113AD742F01}.Debug|x64.Build.0 = Debug|x64
		{94DF607A-AC46-41F1-A284-1113AD742F01}.Debug|x86.ActiveCfg = Debug|Win32
		{94DF607A-AC46-41F1-A284-1113AD742F01}.Debug|x86.Build.0 = Debug|Win32
		{94DF607A-AC46-41F1-A284-1113AD742F01}.Release Static|x64.ActiveCfg = Release|x64
		{94DF607A-AC46-41F1-A284-1113AD742F01}.Release Static|x64.Build.0 = Release|x64
		{94DF607A-AC46-41F1-A284-1113AD742F01}.Release Static|x86.ActiveCfg = Release|Win32
		{94DF607A-AC46-41F1-A284-1113AD742F01}.Release Static|x86.Build.0 = Release|Win32
		{94DF607A-AC46-41F1-A284-1113AD742F01}.Release|x64.ActiveCfg = Release|x64
		{94DF607A-AC46-41F1-A284-1113AD742F01}.Release|x64.Build.0 = Release|x64
		{94DF607A-AC46-41F1-A284-1113AD742F01}.Release|x86.ActiveCfg = Release|Win32
		{94DF607A-AC46-41F1-A284-1113AD742F01}.Release|x86.Build.0 = Release|Win32
		{83BE66CD-9C4F-4F84-B72A-DD1855C8FC8A}.Debug Static|x64.ActiveCfg = Debug Static|x64
		{83BE66CD-9C4F-4F84-B72A-DD1855C8FC8A}.Debug Static|x64.Build.0 = Debug Static|x64
		{83BE66CD-9C4F-4F84-B72A-DD1855C8FC8A}.Debug Static|x86.ActiveCfg = Debug Static|Win32
		{83BE66CD-9C4F-4F84-B72A-DD1855C8FC8A}.Debug Static|x86.Build.0 = Debug Static|Win32
		{83BE66CD-9C4F-4F84-B72A-DD1855C8FC8A}.Debug|x64.ActiveCfg = Debug Static|x64
		{83BE66CD-9C4F-4F84-B72A-DD1855C8FC8A}.Debug|x64.Build.0 = Debug Static|x64
		{83BE66CD-9C4F-4F84-B72A-DD1855C8FC8A}.Debug|x86.ActiveCfg = Debug Static|Win32
		{83BE66CD-9C4F-4F84-B72A-DD1855C8FC8A}.Debug|x86.Build.0 = Debug Static|Win32
		{83BE66CD-9C4F-4F84-B72A-DD1855C8FC8A}.Release Static|x64.ActiveCfg = Release Static|x64
		{83BE66CD-9C4F-4F84-B72A-DD1855C8FC8A}.Release Static|x64.Build.0 = Release Static|x64
		{83BE66CD-9C4F-4F84-B72A-DD1855C8FC8A}.Release Static|x86.ActiveCfg = Release Static|Win32
		{83BE66CD-9C4F-4F84-B72A-DD1855C8FC8A}.Release Static|x86.Build.0 = Release Static|Win32
		{83BE66CD-9C4F-4F84-B72A-DD1855C8FC8A}.Release|x64.ActiveCfg = Release Static|x64
		{83BE66CD-9C4F-4F84-B72A-DD1855C8FC8A}.Release|x64.Build.0 = Release Static|x64
		{83BE66CD-9C4F-4F84-B72A-DD1855C8FC8A}.Release|x86.ActiveCfg = Release Static|Win32
		{83BE66CD-9C4F-4F84-B72A-DD1855C8FC8A}.Release|x86.Build.0 = Release Static|Win32
		{2E56BE24-256E-4AB8-A485-9F7D7E4A9AD8}.Debug Static|x64.ActiveCfg = Debug|x64
		{2E56BE24-256E-4AB8-A485-9F7D7E4A9AD8}.Debug Static|x64.Build.0 = Debug|x64
		{2E56BE24-256E-4AB8-A485-9F7D7E4A9AD8}.Debug Static|x86.ActiveCfg = Debug|Win32
		{2E56BE24-256E-4AB8-A485-9F7D7E4A9AD8}.Debug Static|x86.Build.0 = Debug|Win32
		{2E56BE24-256E-4AB8-A485-9F7D7E4A9AD8}.Debug|x64.ActiveCfg = Debug|x64
		{2E56BE24-256E-4AB8-A485-9F7D7E4A9AD8}.Debug|x64.Build.0 = Debug|x64
		{2E56BE24-256E-4AB8-A485-9F7D7E4A9AD8}.Debug|x86.ActiveCfg = Debug|Win32
		{2E56BE24-256E-4AB8-A485-9F7D7E4A9AD8}.Debug|x86.Build.0 = Debug|Win32
		{2E56BE24-256E-4AB8-A485-9F7D7E4A9AD8}.Release Static|x64.ActiveCfg = Release|x64
		{2E56BE24-256E-4AB8-A485-9F7D7E4A9AD8}.Release Static|x64.Build.0 = Release|x64
		{2E56BE24-256E-4AB8-A485-9F7D7E4A9AD8}.Release Static|x86.ActiveCfg = Release|Win32
		{2E56BE24-256E-4AB8-A485-9F7D7E4A9AD8}.Release Static|x86.Build.0 = Release|Win32
		{2E56BE24-256E-4AB8-A485-9F7D7E4A9AD8}.Release|x64.ActiveCfg = Release|x64
		{2E56BE24-256E-4AB8-A485-9F7D7E4A9AD8}.Release|x64.Build.0 = Release|x64
		{2E56BE24-256E-4AB8-A485-9F7D7E4A9AD8}.Release|x86.ActiveCfg = Release|Win32
		{2E56BE24-256E-4AB8-A485-9F7D7E4A9AD8}.Release|x86.Build.0 = Release|Win32
		{1E6D57E0-DA00-4FEE-B18F-9CD8EE91BC56}.Debug Static|x64.ActiveCfg = Debug|x64
		{1E6D57E0-DA00-4FEE-B18F-9CD8EE91BC56}.Debug Static|x64.Build.0 = Debug|x64
		{1E6D57E0-DA00-4FEE-B18F-9CD8EE91BC56}.Debug Static|x86.ActiveCfg = Debug|Win32
		{1E6D57E0-DA00-4FEE-B18F-9CD8EE91BC56}.Debug Static|x86.Build.0 = Debug|Win32
		{1E6D57E0-DA00-4FEE-B18F-9CD8EE91BC56}.Debug|x64.ActiveCfg = Debug|x64
		{1E6D57E0-DA00-4FEE-B18F-9CD8EE91BC56}.Debug|x64.Build.0 = Debug|x64
		{1E6D57E0-DA00-4FEE-B18F-9CD8EE91BC56}.Debug|x86.ActiveCfg = Debug|Win32
		{1E6D57E0-DA00-4FEE-B18F-9CD8EE91BC56}.Debug|x86.Build.0 = Debug|Win32
		{1E6D57E0-DA00-4FEE-B18F-9CD8EE91BC56}.Release Static|x64.ActiveCfg = Release|x64
		{1E6D57E0-DA00-4FEE-B18F-9CD8EE91BC56}.Release Static|x64.Build.0 = Release|x64
		{1E6D57E0-DA00-4FEE-B18F-9CD8EE91BC56}.Release Static|x86.ActiveCfg = Release|Win32
		{1E6D57E0-DA00-4FEE-B18F-9CD8EE91BC56}.Release Static|x86.Build.0 = Release|Win32
		{1E6D57E0-DA00-4FEE-B18F-9CD8EE91BC56}.Release|x64.ActiveCfg = Release|x64
		{1E6D57E0-DA00-4FEE-B18F-9CD8EE91BC56}.Release|x64.Build.0 = Release|x64
		{1E6D57E0-DA00-4FEE-B18F-9CD8EE91BC56}.Release|x86.ActiveCfg = Release|Win32
		{1E6D57E0-DA00-4FEE-B18F-9CD8EE91BC56}.Release|x86.Build.0 = Release|Win32
		{7C7CE242-0E30-44AD-8C49-5D27CAB900B8}.Debug Static|x64.ActiveCfg = Debug|x64
		{7C7CE242-0E30-44AD-8C49-5D27CAB900B8}.Debug Static|x64.Build.0 = Debug|x64
		{7C7CE242-0E30-44AD-8C49-5D27CAB900B8}.Debug Static|x86.ActiveCfg = Debug|Win32
		{7C7CE242-0E30-44AD-8C49-5D27CAB900B8}.Debug Static|x86.Build.0 = Debug|Win32
		{7C7CE242-0E30-44AD-8C49-5D27CAB900B8}.Debug|x64.ActiveCfg = Debug|x64
		{7C7CE242-0E30-44AD-8C49-5D27CAB900B8}.Debug|x64.Build.0 = Debug|x64
		{7C7CE242-0E30-44AD-8C49-5D27CAB900B8}.Debug|x86.ActiveCfg = Debug|Win32
		{7C7CE242-0E30-44AD-8C49-5D27CAB900B8}.Debug|x86.Build.0 = Debug|Win32
		{7C7CE242-0E30-44AD-8C49-5D27CAB900B8}.Release Static|x64.ActiveCfg = Release|x64
		{7C7CE242-0E30-44AD-8C49-5D27CAB900B8}.Release Static|x64.Build.0 = Release|x64
		{7C7CE242-0E30-44AD-8C49-5D27CAB900B8}.Release Static|x86.ActiveCfg = Release|Win32
		{7C7CE242-0E30-44AD-8C49-5D27CAB900B8}.Release Static|x86.Build.0 = Release|Win32
		{7C7CE242-0E30-44AD-8C49-5D27CAB900B8}.Release|x64.ActiveCfg = Release|x64
		{7C7CE242-0E30-44AD-8C49-5D27CAB900B8}.Release|x64.Build.0 = Release|x64
		{7C7CE242-0E30-44AD-8C49-5D27CAB900B8}.Release|x86.ActiveCfg = Release|Win32
		{7C7CE242-0E30-44AD-8C49-5D27CAB900B8}.Release|x86.Build.0 = Release|Win32
		{49D845CF-7D88-48D2-A179-88530FC67CD9}.Debug Static|x64.ActiveCfg = Debug|x64
		{49D845CF-7D88-48D2-A179-88530FC67CD9}.Debug Static|x64.Build.0 = Debug|x64
		{49D845CF-7D88-48D2-A179-88530FC67CD9}.Debug Static|x86.ActiveCfg = Debug|Win32
		{49D845CF-7D88-48D2-A179-88530FC67CD9}.Debug Static|x86.Build.0 = Debug|Win32
		{49D845CF-7D88-48D2-A179-88530FC67CD9}.Debug|x64.ActiveCfg = Debug|x64
		{49D845CF-7D88-48D2-A179-88530FC67CD9}.Debug|x64.Build.0 = Debug|x64
		{49D845CF-7D88-48D2-A179-88530FC67CD9}.Debug|x86.ActiveCfg = Debug|Win32
		{49D845CF-7D88-48D2-A179-88530FC67CD9}.Debug|x86.Build.0 = Debug|Win32
		{49D845CF-7D88-48D2-A179-88530FC67CD9}.Release Static|x64.ActiveCfg = Release|x64
		{49D845CF-7D88-48D2-A179-88530FC67CD9}.Release Static|x64.Build.0 = Release|x64
		{49D845CF-7D88-48D2-A179-88530FC67CD9}.Release Static|x86.ActiveCfg = Release|Win32
		{49D845CF-7D88-48D2-A179-88530FC67CD9}.Release Static|x86.Build.0 = Release|Win32
		{49D845CF-7D88-48D2-A179-88530FC67CD9}.Release|x64.ActiveCfg = Release|x64
		{49D845CF-7D88-48D2-A179-88530FC67CD9}.Release|x64.Build.0 = Release|x64
		{49D845CF-7D88-48D2-A179-88530FC67CD9}.Release|x86.ActiveCfg = Release|Win32
		{49D845CF-7D88-48D2-A179-88530FC67CD9}.Release|x86.Build.0 = Release|Win32
		{AE77D0A8-0E37-4B57-A9A4-7F25B2B0E177}.Debug Static|x64.ActiveCfg = Debug|x64
		{AE77D0A8-0E37-4B57-A9A4-7F25B2B0E177}.Debug Static|x64.Build.0 = Debug|x64
		{AE77D0A8-0E37-4B57-A9A4-7F25B2B0E177}.Debug Static|x86.ActiveCfg = Debug|Win32
		{AE77D0A8-0E37-4B57-A9A4-7F25B2B0E177}.Debug Static|x86.Build.0 = Debug|Win32
		{AE77D0A8-0E37-4B57-A9A4-7F25B2B0E177}.Debug|x64.ActiveCfg = Debug|x64
		{AE77D0A8-0E37-4B57-A9A4-7F25B2B0E177}.Debug|x64.Build.0 = Debug|x64
		{AE77D0A8-0E37-4B57-A9A4-7F25B2B0E177}.Debug|x86.ActiveCfg = Debug|Win32
		{AE77D0A8-0E37-4B57-A9A4-7F25B2B0E177}.Debug|x86.Build.0 = Debug|Win32
		{AE77D0A8-0E37-4B57-A9A4-7F25B2B0E177}.Release Static|x64.ActiveCfg = Release|x64
		{AE77D0A8-0E37-4B57-A9A4-7F25B2B0E177}.Release Static|x64.Build.0 = Release|x64
		{AE77D0A8-0E37-4B57-A9A4-7F25B2B0E177}.Release Static|x86.ActiveCfg = Release|Win32
		{AE77D0A8-0E37-4B57-A9A4-7F25B2B0E177}.Release Static|x86.Build.0 = Release|Win32
		{AE77D0A8-0E37-4B57-A9A4-7F25B2B0E177}.Release|x64.ActiveCfg = Release|x64
		{AE77D0A8-0E37-4B57-A9A4-7F25B2B0E177}.Release|x64.Build.0 = Release|x64
		{AE77D0A8-0E37-4B57-A9A4-7F25B2B0E177}.Release|x86.ActiveCfg = Release|Win32
		{AE77D0A8-0E37-4B57-A9A4-7F25B2B0E177}.Release|x86.Build.0 = Release|Win32
		{A1A73D57-9273-4A27-975D-7866CD6302E6}.Debug Static|x64.ActiveCfg = Debug|x64
		{A1A73D57-9273-4A27-975D-7866CD6302E6}.Debug Static|x64.Build.0 = Debug|x64
		{A1A73D57-9273-4A27-975D-7866CD6302E6}.Debug Static|x86.ActiveCfg = Debug|Win32
		{A1A73D57-9273-4A27-975D-7866CD6302E6}.Debug Static|x86.Build.0 = Debug|Win32
		{A1A73D57-9273-4A27-975D-7866CD6302E6}.Debug|x64.ActiveCfg = Debug|x64
		{A1A73D57-9273-4A27-975D-7866CD6302E6}.Debug|x64.Build.0 = Debug|x64
		{A1A73D57-9273-4A27-975D-7866CD6302E6}.Debug|x86.ActiveCfg = Debug|Win32
		{A1A73D57-9273-4A27-975D-7866CD6302E6}.Debug|x86.Build.0 = Debug|Win32
		{A1A73D57-9273-4A27-975D-7866CD6302E6}.Release Static|x64.ActiveCfg = Release|x64
		{A1A73D57-9273-4A27-975D-7866CD6302E6}.Release Static|x64.Build.0 = Release|x64
		{A1A73D57-9273-4A27-975D-7866CD6302E6}.Release Static|x86.ActiveCfg = Release|Win32
		{A1A73D57-9273-4A27-975D-7866CD6302E6}.Release Static|x86.Build.0 = Release|Win32
		{A1A73D57-9273-4A27-975D-7866CD6302E6}.Release|x64.ActiveCfg = Release|x64
		{A1A73D57-9273-4A27-975D-7866CD6302E6}.Release|x64.Build.0 = Release|x64
		{A1A73D57-9273-4A27-975D-7866CD6302E6}.Release|x86.ActiveCfg = Release|Win32
		{A1A73D57-9273-4A27-975D-7866CD6302E6}.Release|x86.Build.0 = Release|Win32
		{EFC4A2D1-5087-4AC4-A742-BE566B997345}.Debug Static|x64.ActiveCfg = Debug|x64
		{EFC4A2D1-5087-4AC4-A742-BE566B997345}.Debug Static|x64.Build.0 = Debug|x64
		{EFC4A2D1-5087-4AC4-A742-BE566B997345}.Debug Static|x86.ActiveCfg = Debug|Win32
		{EFC4A2D1-5087-4AC4-A742-BE566B997345}.Debug Static|x86.Build.0 = Debug|Win32
		{EFC4A2D1-5087-4AC4-A742-BE566B997345}.Debug|x64.ActiveCfg = Debug|x64
		{EFC4A2D1-5087-4AC4-A742-BE566B997345}.Debug|x64.Build.0 = Debug|x64
		{EFC4A2D1-5087-4AC4-A742-BE566B997345}.Debug|x86.ActiveCfg = Debug|Win32
		{EFC4A2D1-5087-4AC4-A742-BE566B997345}.Debug|x86.Build.0 = Debug|Win32
		{EFC4A2D1-5087-4AC4-A742-BE566B997345}.Release Static|x64.ActiveCfg = Release|x64
		{EFC4A2D1-5087-4AC4-A742-BE566B997345}.Release Static|x64.Build.0 = Release|x64
		{EFC4A2D1-5087-4AC4-A742-BE566B997345}.Release Static|x86.ActiveCfg = Release|Win32
		{EFC4A2D1-5087-4AC4-A742-BE566B997345}.Release Static|x86.Build.0 = Release|Win32
		{EFC4A2D1-5087-4AC4-A742-BE566B997345}.Release|x64.ActiveCfg = Release|x64
		{EFC4A2D1-5087-4AC4-A742-BE566B997345}.Release|x64.Build.0 = Release|x64
		{EFC4A2D1-5087-4AC4-A742-BE566B997345}.Release|x86.ActiveCfg = Release|Win32
		{EFC4A2D1-5087-4AC4-A742-BE566B997345}.Release|x86.Build.0 = Release|Win32
		{750641F4-6B05-4989-9457-301057F08A3A}.Debug Static|x64.ActiveCfg = Debug|x64
		{750641F4-6B05-4989-9457-301057F08A3A}.Debug Static|x64.Build.0 = Debug|x64
		{750641F4-6B05-4989-9457-301057F08A3A}.Debug Static|x86.ActiveCfg = Debug|Win32
		{750641F4-6B05-4989-9457-301057F08A3A}.Debug Static|x86.Build.0 = Debug|Win32
		{750641F4-6B05-4989-9457-301057F08A3A}.Debug|x64.ActiveCfg = Debug|x64
		{750641F4-6B05-4989-9457-301057F08A3A}.Debug|x64.Build.0 = Debug|x64
		{750641F4-6B05-4989-9457-301057F08A3A}.Debug|x86.ActiveCfg = Debug|Win32
		{750641F4-6B05-4989-9457-301057F08A3A}.Debug|x86.Build.0 = Debug|Win32
		{750641F4-6B05-4989-9457-301057F08A3A}.Release Static|x64.ActiveCfg = Release|x64
		{750641F4-6B05-4989-9457-301057F08A3A}.Release Static|x64.Build.0 = Release|x64
		{750641F4-6B05-4989-9457-301057F08A3A}.Release Static|x86.ActiveCfg = Release|Win32
		{750641F4-6B05-4989-9457-301057F08A3A}.Release Static|x86.Build.0 = Release|Win32
		{750641F4-6B05-4989-9457-301057F08A3A}.Release|x64.ActiveCfg = Release|x64
		{750641F4-6B05-4989-9457-301057F08A3A}.Release|x64.Build.0 = Release|x64
		{750641F4-6B05-4989-9457-301057F08A3A}.Release|x86.ActiveCfg = Release|Win32
		{750641F4-6B05-4989-9457-301057F08A3A}.Release|x86.Build.0 = Release|Win32
		{63AD1CF5-F1DF-49DE-BC49-6D1037925C1A}.Debug Static|x64.ActiveCfg = Debug|x64
		{63AD1CF5-F1DF-49DE-BC49-6D1037925C1A}.Debug Static|x64.Build.0 = Debug|x64
		{63AD1CF5-F1DF-49DE-BC49-6D1037925C1A}.Debug Static|x86.ActiveCfg = Debug|Win32
		{63AD1CF5-F1DF-49DE-BC49-6D1037925C1A}.Debug Static|x86.Build.0 = Debug|Win32
		{63AD1CF5-F1DF-49DE-BC49-6D1037925C1A}.Debug|x64.ActiveCfg = Debug|x64
		{63AD1CF5-F1DF-49DE-BC49-6D1037925C1A}.Debug|x64.Build.0 = Debug|x64
		{63AD1CF5-F1DF-49DE-BC49-6D1037925C1A}.Debug|x86.ActiveCfg = Debug|Win32
		{63AD1CF5-F1DF-49DE-BC49-6D1037925C1A}.Debug|x86.Build.0 = Debug|Win32
		{63AD1CF5-F1DF-49DE-BC49-6D1037925C1A}.Release Static|x64.ActiveCfg = Release|x64
		{63AD1CF5-F1DF-49DE-BC49-6D1037925C1A}.Release Static|x64.Build.0 = Release|x64
		{63AD1CF5-F1DF-49DE-BC49-6D1037925C1A}.Release Static|x86.ActiveCfg = Release|Win32
		{63AD1CF5-F1DF-49DE-BC49-6D1037925C1A}.Release Static|x86.Build.0 = Release|Win32
		{63AD1CF5-F1DF-49DE-BC49-6D1037925C1A}.Release|x64.ActiveCfg = Release|x64
		{63AD1CF5-F1DF-49DE-BC49-6D1037925C1A}.Release|x64.Build.0 = Release|x64
		{63AD1CF5-F1DF-49DE-BC49-6D1037925C1A}.Release|x86.ActiveCfg = Release|Win32
		{63AD1CF5-F1DF-49DE-BC49-6D1037925C1A}.Release|x86.Build.0 = Release|Win32
		{A2CADD5A-BC99-4D58-9ACB-CBDAEE10AEFE}.Debug Static|x64.ActiveCfg = Debug|x64
		{A2CADD5A-BC99-4D58-9ACB-CBDAEE10AEFE}.Debug Static|x64.Build.0 = Debug|x64
		{A2CADD5A-BC99-4D58-9ACB-CBDAEE10AEFE}.Debug Static|x86.ActiveCfg = Debug|Win32
		{A2CADD5A-BC99-4D58-9ACB-CBDAEE10AEFE}.Debug Static|x86.Build.0 = Debug|Win32
		{A2CADD5A-BC99-4D58-9ACB-CBDAEE10AEFE}.Debug|x64.ActiveCfg = Debug|x64
		{A2CADD5A-BC99-4D58-9ACB-CBDAEE10AEFE}.Debug|x64.Build.0 = Debug|x64
		{A2CADD5A-BC99-4D58-9ACB-CBDAEE10AEFE}.Debug|x86.ActiveCfg = Debug|Win32
		{A2CADD5A-BC99-4D58-9ACB-CBDAEE10AEFE}.Debug|x86.Build.0 = Debug|Win32
		{A2CADD5A-BC99-4D58-9ACB-CBDAEE10AEFE}.Release Static|x64.ActiveCfg = Release|x64
		{A2CADD5A-BC99-4D58-9ACB-CBDAEE10AEFE}.Release Static|x64.Build.0 = Release|x64
		{A2CADD5A-BC99-4D58-9ACB-CBDAEE10AEFE}.Release Static|x86.ActiveCfg = Release|Win32
		{A2CADD5A-BC99-4D58-9ACB-CBDAEE10AEFE}.Release Static|x86.Build.0 = Release|Win32
		{A2CADD5A-BC99-4D58-9ACB-CBDAEE10AEFE}.Release|x64.ActiveCfg = Release|x64
		{A2CADD5A-BC99-4D58-9ACB-CBDAEE10AEFE}.Release|x64.Build.0 = Release|x64
		{A2CADD5A-BC99-4D58-9ACB-CBDAEE10AEFE}.Release|x86.ActiveCfg = Release|Win32
		{A2CADD5A-BC99-4D58-9ACB-CBDAEE10AEFE}.Release|x86.Build.0 = Release|Win32
		{4D8B2D2B-5BA8-41D4-8398-8C929EED6BAC}.Debug Static|x64.ActiveCfg = Debug|x64
		{4D8B2D2B-5BA8-41D4-8398-8C929EED6BAC}.Debug Static|x64.Build.0 = Debug|x64
		{4D8B2D2B-5BA8-41D4-8398-8C929EED6BAC}.Debug Static|x86.ActiveCfg = Debug|Win32
		{4D8B2D2B-5BA8-41D4-8398-8C929EED6BAC}.Debug Static|x86.Build.0 = Debug|Win32
		{4D8B2D2B-5BA8-41D4-8398-8C929EED6BAC}.Debug|x64.ActiveCfg = Debug|x64
		{4D8B2D2B-5BA8-41D4-8398-8C929EED6BAC}.Debug|x64.Build.0 = Debug|x64
		{4D8B2D2B-5BA8-41D4-8398-8C929EED6BAC}.Debug|x86.ActiveCfg = Debug|Win32
		{4D8B2D2B-5BA8-41D4-8398-8C929EED6BAC}.Debug|x86.Build.0 = Debug|Win32
		{4D8B2D2B-5BA8-41D4-8398-8C929EED6BAC}.Release Static|x64.ActiveCfg = Release|x64
		{4D8B2D2B-5BA8-41D4-8398-8C929EED6BAC}.Release Static|x64.Build.0 = Release|x64
		{4D8B2D2B-5BA8-41D4-8398-8C929EED6BAC}.Release Static|x86.ActiveCfg = Release|Win32
		{4D8B2D2B-5BA8-41D4-8398-8C929EED6BAC}.Release Static|x86.Build.0 = Release|Win32
		{4D8B2D2B-5BA8-41D4-8398-8C929EED6BAC}.Release|x64.ActiveCfg = Release|x64
		{4D8B2D2B-5BA8-41D4-8398-8C929EED6BAC}.Release|x64.Build.0 = Release|x64
		{4D8B2D2B-5BA8-41D4-8398-8C929EED6BAC}.Release|x86.ActiveCfg = Release|Win32
		{4D8B2D2B-5BA8-41D4-8398-8C929EED6BAC}.Release|x86.Build.0 = Release|Win32
	EndGlobalSection
	GlobalSection(SolutionProperties) = preSolution
		HideSolutionNode = FALSE
	EndGlobalSection
	GlobalSection(ExtensibilityGlobals) = postSolution
		SolutionGuid = {5136FE03-8A89-49D5-9AB1-C64DA9CC6BFB}
	EndGlobalSection
EndGlobal
